
Microsoft Visual Studio Solution File, Format Version 12.00
# Visual Studio Version 16
VisualStudioVersion = 16.0.29926.136
MinimumVisualStudioVersion = 10.0.40219.1
Project("{FAE04EC0-301F-11D3-BF4B-00C04F79EFBC}") = "ConsoleApp12.05", "ConsoleApp12.05\ConsoleApp12.05.csproj", "{9C0DE7F2-8EE7-4572-8AE2-533F50BE5254}"
EndProject
Global
	GlobalSection(SolutionConfigurationPlatforms) = preSolution
		Debug|Any CPU = Debug|Any CPU
		Release|Any CPU = Release|Any CPU
	EndGlobalSection
	GlobalSection(ProjectConfigurationPlatforms) = postSolution
		{9C0DE7F2-8EE7-4572-8AE2-533F50BE5254}.Debug|Any CPU.ActiveCfg = Debug|Any CPU
		{9C0DE7F2-8EE7-4572-8AE2-533F50BE5254}.Debug|Any CPU.Build.0 = Debug|Any CPU
		{9C0DE7F2-8EE7-4572-8AE2-533F50BE5254}.Release|Any CPU.ActiveCfg = Release|Any CPU
		{9C0DE7F2-8EE7-4572-8AE2-533F50BE5254}.Release|Any CPU.Build.0 = Release|Any CPU
	EndGlobalSection
	GlobalSection(SolutionProperties) = preSolution
		HideSolutionNode = FALSE
	EndGlobalSection
	GlobalSection(ExtensibilityGlobals) = postSolution
		SolutionGuid = {C81B06AC-8313-45D0-B357-D54ECE01ADA2}
	EndGlobalSection
EndGlobal
